
Microsoft Visual Studio Solution File, Format Version 12.00
# Visual Studio Version 16
VisualStudioVersion = 16.0.30011.22
MinimumVisualStudioVersion = 10.0.40219.1
Project("{9A19103F-16F7-4668-BE54-9A1E7A4F7556}") = "LambdaConjugacion", "LambdaConjugacion.csproj", "{77AFAA96-FFB9-45E2-B18B-9E7EC9F7D656}"
EndProject
Global
	GlobalSection(SolutionConfigurationPlatforms) = preSolution
		Debug|Any CPU = Debug|Any CPU
		Release|Any CPU = Release|Any CPU
	EndGlobalSection
	GlobalSection(ProjectConfigurationPlatforms) = postSolution
		{77AFAA96-FFB9-45E2-B18B-9E7EC9F7D656}.Debug|Any CPU.ActiveCfg = Debug|Any CPU
		{77AFAA96-FFB9-45E2-B18B-9E7EC9F7D656}.Debug|Any CPU.Build.0 = Debug|Any CPU
		{77AFAA96-FFB9-45E2-B18B-9E7EC9F7D656}.Release|Any CPU.ActiveCfg = Release|Any CPU
		{77AFAA96-FFB9-45E2-B18B-9E7EC9F7D656}.Release|Any CPU.Build.0 = Release|Any CPU
	EndGlobalSection
	GlobalSection(SolutionProperties) = preSolution
		HideSolutionNode = FALSE
	EndGlobalSection
	GlobalSection(ExtensibilityGlobals) = postSolution
		SolutionGuid = {AC6AB99A-1D0C-4A99-A6EA-A93B69B86CAB}
	EndGlobalSection
EndGlobal
